
Microsoft Visual Studio Solution File, Format Version 12.00
# Visual Studio Version 16
VisualStudioVersion = 16.0.31025.194
MinimumVisualStudioVersion = 10.0.40219.1
Project("{FAE04EC0-301F-11D3-BF4B-00C04F79EFBC}") = "Calculator", "Calculator\Calculator.csproj", "{9769642C-E791-495E-8935-512A349790AB}"
EndProject
Global
	GlobalSection(SolutionConfigurationPlatforms) = preSolution
		Debug|Any CPU = Debug|Any CPU
		Release|Any CPU = Release|Any CPU
	EndGlobalSection
	GlobalSection(ProjectConfigurationPlatforms) = postSolution
		{9769642C-E791-495E-8935-512A349790AB}.Debug|Any CPU.ActiveCfg = Debug|Any CPU
		{9769642C-E791-495E-8935-512A349790AB}.Debug|Any CPU.Build.0 = Debug|Any CPU
		{9769642C-E791-495E-8935-512A349790AB}.Release|Any CPU.ActiveCfg = Release|Any CPU
		{9769642C-E791-495E-8935-512A349790AB}.Release|Any CPU.Build.0 = Release|Any CPU
	EndGlobalSection
	GlobalSection(SolutionProperties) = preSolution
		HideSolutionNode = FALSE
	EndGlobalSection
	GlobalSection(ExtensibilityGlobals) = postSolution
		SolutionGuid = {DD72FB0D-8576-4D37-BB1A-E5BEF607B093}
	EndGlobalSection
EndGlobal
